
Microsoft Visual Studio Solution File, Format Version 12.00
# Visual Studio 14
VisualStudioVersion = 14.0.25123.0
MinimumVisualStudioVersion = 10.0.40219.1
Project("{FAE04EC0-301F-11D3-BF4B-00C04F79EFBC}") = "SignalRDemo", "SignalRDemo\SignalRDemo.csproj", "{93DD4549-ACF7-4933-A8EF-2665931DEC91}"
EndProject
Project("{2150E333-8FDC-42A3-9474-1A3956D46DE8}") = "Orleans.Sample", "Orleans.Sample", "{0BED2712-74C6-4DC6-9B12-E8BE2BFD7DAF}"
EndProject
Project("{FAE04EC0-301F-11D3-BF4B-00C04F79EFBC}") = "Sample.Implements", "Sample.Implements\Sample.Implements.csproj", "{B8D2442B-DFED-4569-B7C5-8F75320AF922}"
EndProject
Project("{FAE04EC0-301F-11D3-BF4B-00C04F79EFBC}") = "Sample.Interfaces", "Sample.Interfaces\Sample.Interfaces.csproj", "{6EFB6378-4F4D-46E2-BF0A-5C23CA19ACF6}"
EndProject
Project("{FAE04EC0-301F-11D3-BF4B-00C04F79EFBC}") = "Client", "Client\Client.csproj", "{C2A601B2-27D2-42BC-9FF2-634B2A7525EC}"
EndProject
Project("{FAE04EC0-301F-11D3-BF4B-00C04F79EFBC}") = "Server", "Server\Server.csproj", "{553F1772-8EE1-4730-9874-4D3F149AEBA0}"
EndProject
Project("{2150E333-8FDC-42A3-9474-1A3956D46DE8}") = "Modules", "Modules", "{35D8DF6A-E958-4B26-A82F-F4226F3D1404}"
EndProject
Project("{FAE04EC0-301F-11D3-BF4B-00C04F79EFBC}") = "WeChat", "WeChat\WeChat.csproj", "{1C4C7E99-2A8C-4D80-B06A-4D1A037F6674}"
EndProject
Project("{FAE04EC0-301F-11D3-BF4B-00C04F79EFBC}") = "DI", "DI\DI.csproj", "{D2D1E388-E58B-4D40-BB10-6FCB444510F2}"
EndProject
Global
	GlobalSection(SolutionConfigurationPlatforms) = preSolution
		Debug|Any CPU = Debug|Any CPU
		Release|Any CPU = Release|Any CPU
	EndGlobalSection
	GlobalSection(ProjectConfigurationPlatforms) = postSolution
		{93DD4549-ACF7-4933-A8EF-2665931DEC91}.Debug|Any CPU.ActiveCfg = Debug|Any CPU
		{93DD4549-ACF7-4933-A8EF-2665931DEC91}.Debug|Any CPU.Build.0 = Debug|Any CPU
		{93DD4549-ACF7-4933-A8EF-2665931DEC91}.Release|Any CPU.ActiveCfg = Release|Any CPU
		{93DD4549-ACF7-4933-A8EF-2665931DEC91}.Release|Any CPU.Build.0 = Release|Any CPU
		{B8D2442B-DFED-4569-B7C5-8F75320AF922}.Debug|Any CPU.ActiveCfg = Debug|Any CPU
		{B8D2442B-DFED-4569-B7C5-8F75320AF922}.Debug|Any CPU.Build.0 = Debug|Any CPU
		{B8D2442B-DFED-4569-B7C5-8F75320AF922}.Release|Any CPU.ActiveCfg = Release|Any CPU
		{B8D2442B-DFED-4569-B7C5-8F75320AF922}.Release|Any CPU.Build.0 = Release|Any CPU
		{6EFB6378-4F4D-46E2-BF0A-5C23CA19ACF6}.Debug|Any CPU.ActiveCfg = Debug|Any CPU
		{6EFB6378-4F4D-46E2-BF0A-5C23CA19ACF6}.Debug|Any CPU.Build.0 = Debug|Any CPU
		{6EFB6378-4F4D-46E2-BF0A-5C23CA19ACF6}.Release|Any CPU.ActiveCfg = Release|Any CPU
		{6EFB6378-4F4D-46E2-BF0A-5C23CA19ACF6}.Release|Any CPU.Build.0 = Release|Any CPU
		{C2A601B2-27D2-42BC-9FF2-634B2A7525EC}.Debug|Any CPU.ActiveCfg = Debug|Any CPU
		{C2A601B2-27D2-42BC-9FF2-634B2A7525EC}.Debug|Any CPU.Build.0 = Debug|Any CPU
		{C2A601B2-27D2-42BC-9FF2-634B2A7525EC}.Release|Any CPU.ActiveCfg = Release|Any CPU
		{C2A601B2-27D2-42BC-9FF2-634B2A7525EC}.Release|Any CPU.Build.0 = Release|Any CPU
		{553F1772-8EE1-4730-9874-4D3F149AEBA0}.Debug|Any CPU.ActiveCfg = Debug|Any CPU
		{553F1772-8EE1-4730-9874-4D3F149AEBA0}.Debug|Any CPU.Build.0 = Debug|Any CPU
		{553F1772-8EE1-4730-9874-4D3F149AEBA0}.Release|Any CPU.ActiveCfg = Release|Any CPU
		{553F1772-8EE1-4730-9874-4D3F149AEBA0}.Release|Any CPU.Build.0 = Release|Any CPU
		{1C4C7E99-2A8C-4D80-B06A-4D1A037F6674}.Debug|Any CPU.ActiveCfg = Debug|Any CPU
		{1C4C7E99-2A8C-4D80-B06A-4D1A037F6674}.Debug|Any CPU.Build.0 = Debug|Any CPU
		{1C4C7E99-2A8C-4D80-B06A-4D1A037F6674}.Release|Any CPU.ActiveCfg = Release|Any CPU
		{1C4C7E99-2A8C-4D80-B06A-4D1A037F6674}.Release|Any CPU.Build.0 = Release|Any CPU
		{D2D1E388-E58B-4D40-BB10-6FCB444510F2}.Debug|Any CPU.ActiveCfg = Debug|Any CPU
		{D2D1E388-E58B-4D40-BB10-6FCB444510F2}.Debug|Any CPU.Build.0 = Debug|Any CPU
		{D2D1E388-E58B-4D40-BB10-6FCB444510F2}.Release|Any CPU.ActiveCfg = Release|Any CPU
		{D2D1E388-E58B-4D40-BB10-6FCB444510F2}.Release|Any CPU.Build.0 = Release|Any CPU
	EndGlobalSection
	GlobalSection(SolutionProperties) = preSolution
		HideSolutionNode = FALSE
	EndGlobalSection
	GlobalSection(NestedProjects) = preSolution
		{B8D2442B-DFED-4569-B7C5-8F75320AF922} = {35D8DF6A-E958-4B26-A82F-F4226F3D1404}
		{6EFB6378-4F4D-46E2-BF0A-5C23CA19ACF6} = {35D8DF6A-E958-4B26-A82F-F4226F3D1404}
		{C2A601B2-27D2-42BC-9FF2-634B2A7525EC} = {0BED2712-74C6-4DC6-9B12-E8BE2BFD7DAF}
		{553F1772-8EE1-4730-9874-4D3F149AEBA0} = {0BED2712-74C6-4DC6-9B12-E8BE2BFD7DAF}
		{35D8DF6A-E958-4B26-A82F-F4226F3D1404} = {0BED2712-74C6-4DC6-9B12-E8BE2BFD7DAF}
	EndGlobalSection
EndGlobal
