
Microsoft Visual Studio Solution File, Format Version 12.00
# Visual Studio 14
VisualStudioVersion = 14.0.25420.1
MinimumVisualStudioVersion = 10.0.40219.1
Project("{FAE04EC0-301F-11D3-BF4B-00C04F79EFBC}") = "SignalRDemo", "SignalRDemo\SignalRDemo.csproj", "{93DD4549-ACF7-4933-A8EF-2665931DEC91}"
EndProject
Project("{2150E333-8FDC-42A3-9474-1A3956D46DE8}") = "Orleans.Sample", "Orleans.Sample", "{0BED2712-74C6-4DC6-9B12-E8BE2BFD7DAF}"
EndProject
Project("{FAE04EC0-301F-11D3-BF4B-00C04F79EFBC}") = "Sample.Implements", "Sample.Implements\Sample.Implements.csproj", "{B8D2442B-DFED-4569-B7C5-8F75320AF922}"
EndProject
Project("{FAE04EC0-301F-11D3-BF4B-00C04F79EFBC}") = "Sample.Interfaces", "Sample.Interfaces\Sample.Interfaces.csproj", "{6EFB6378-4F4D-46E2-BF0A-5C23CA19ACF6}"
EndProject
Project("{FAE04EC0-301F-11D3-BF4B-00C04F79EFBC}") = "Client", "Client\Client.csproj", "{C2A601B2-27D2-42BC-9FF2-634B2A7525EC}"
EndProject
Project("{FAE04EC0-301F-11D3-BF4B-00C04F79EFBC}") = "Server", "Server\Server.csproj", "{553F1772-8EE1-4730-9874-4D3F149AEBA0}"
EndProject
Project("{2150E333-8FDC-42A3-9474-1A3956D46DE8}") = "Modules", "Modules", "{35D8DF6A-E958-4B26-A82F-F4226F3D1404}"
EndProject
Project("{FAE04EC0-301F-11D3-BF4B-00C04F79EFBC}") = "WeChat", "WeChat\WeChat.csproj", "{1C4C7E99-2A8C-4D80-B06A-4D1A037F6674}"
EndProject
Project("{2150E333-8FDC-42A3-9474-1A3956D46DE8}") = "RabbitMQ", "RabbitMQ", "{E6EA81D6-DAC4-4C56-8B86-0B67285119F7}"
EndProject
Project("{FAE04EC0-301F-11D3-BF4B-00C04F79EFBC}") = "MassTransit.RabbitMQ.SendClient", "Masstransit.RabbitMQ.SendClient\MassTransit.RabbitMQ.SendClient.csproj", "{6F203649-5B6A-49BB-BBF6-7D322BDE037A}"
EndProject
Project("{FAE04EC0-301F-11D3-BF4B-00C04F79EFBC}") = "MassTransit.RabbitMQ.Extensions", "MassTransit.RabbitMQ.Extensions\MassTransit.RabbitMQ.Extensions.csproj", "{6884B2BF-D989-4F94-9195-DA503895C77C}"
EndProject
Project("{FAE04EC0-301F-11D3-BF4B-00C04F79EFBC}") = "MassTransit.RabbitMQ.ReceiveClient", "Masstransit.RabbitMQ.ReceiveClient\MassTransit.RabbitMQ.ReceiveClient.csproj", "{A199528E-9C0F-4A95-ACD7-5CC98A59A72B}"
EndProject
Project("{FAE04EC0-301F-11D3-BF4B-00C04F79EFBC}") = "MassTransit.RabbitMQ.Message", "Masstransit.RabbitMQ.Message\MassTransit.RabbitMQ.Message.csproj", "{AF05231D-47B7-4046-97CA-109CEA779F56}"
EndProject
Project("{FAE04EC0-301F-11D3-BF4B-00C04F79EFBC}") = "MassTransit.RabbitMQ.SubscriberA", "Masstransit.RabbitMQ.SubscriberA\MassTransit.RabbitMQ.SubscriberA.csproj", "{3824951D-71B8-4325-A6D0-67987CEEED67}"
EndProject
Project("{FAE04EC0-301F-11D3-BF4B-00C04F79EFBC}") = "MassTransit.RabbitMQ.SubscriberB", "Masstransit.RabbitMQ.SubscriberB\MassTransit.RabbitMQ.SubscriberB.csproj", "{96E75B31-F0C0-4671-B420-9656CB3AA5DD}"
EndProject
Project("{FAE04EC0-301F-11D3-BF4B-00C04F79EFBC}") = "MassTransit.RabbitMQ.PublishClient", "MassTransit.RabbitMQ.PublishClient\MassTransit.RabbitMQ.PublishClient.csproj", "{1E1813BD-BE6F-4D1F-A789-818D65AD9E85}"
EndProject
Project("{2150E333-8FDC-42A3-9474-1A3956D46DE8}") = "MassTransit", "MassTransit", "{3A601868-65A8-483F-913D-E3381E91BFF2}"
EndProject
Project("{FAE04EC0-301F-11D3-BF4B-00C04F79EFBC}") = "ConsoleApp", "ConsoleApp\ConsoleApp.csproj", "{E061617D-161F-451E-A2F7-27A42F82A696}"
EndProject
Project("{FAE04EC0-301F-11D3-BF4B-00C04F79EFBC}") = "DI", "DI\DI.csproj", "{D2D1E388-E58B-4D40-BB10-6FCB444510F2}"
EndProject
Project("{2150E333-8FDC-42A3-9474-1A3956D46DE8}") = "gRpc", "gRpc", "{369D2715-06C0-4E4B-8792-EE97F577420C}"
EndProject
Project("{8BB2217D-0F2D-49D1-97BC-3654ED321F3B}") = "Sino.GrpcClient.Host", "Sino.GrpcClient.Host\Sino.GrpcClient.Host.xproj", "{81662DF7-A248-40A2-8FFA-51B42D082DF6}"
EndProject
Project("{8BB2217D-0F2D-49D1-97BC-3654ED321F3B}") = "Sino.GrpcService.Protocol", "Sino.GrpcService.Protocol\Sino.GrpcService.Protocol.xproj", "{C5C9C916-5186-4BBE-B4CF-1A4E1FBEAD03}"
EndProject
Project("{8BB2217D-0F2D-49D1-97BC-3654ED321F3B}") = "Sino.GrpcService.Host", "Sino.GrpcService.Host\Sino.GrpcService.Host.xproj", "{E0D82421-AABF-4FF9-AACB-6421F4FF6B23}"
EndProject
Project("{8BB2217D-0F2D-49D1-97BC-3654ED321F3B}") = "Sino.GrpcService.Impl", "Sino.GrpcService.Impl\Sino.GrpcService.Impl.xproj", "{6A4D743A-F11D-4EE0-B592-0606C5762751}"
EndProject
Global
	GlobalSection(SolutionConfigurationPlatforms) = preSolution
		Debug|Any CPU = Debug|Any CPU
		Release|Any CPU = Release|Any CPU
	EndGlobalSection
	GlobalSection(ProjectConfigurationPlatforms) = postSolution
		{93DD4549-ACF7-4933-A8EF-2665931DEC91}.Debug|Any CPU.ActiveCfg = Debug|Any CPU
		{93DD4549-ACF7-4933-A8EF-2665931DEC91}.Debug|Any CPU.Build.0 = Debug|Any CPU
		{93DD4549-ACF7-4933-A8EF-2665931DEC91}.Release|Any CPU.ActiveCfg = Release|Any CPU
		{93DD4549-ACF7-4933-A8EF-2665931DEC91}.Release|Any CPU.Build.0 = Release|Any CPU
		{B8D2442B-DFED-4569-B7C5-8F75320AF922}.Debug|Any CPU.ActiveCfg = Debug|Any CPU
		{B8D2442B-DFED-4569-B7C5-8F75320AF922}.Debug|Any CPU.Build.0 = Debug|Any CPU
		{B8D2442B-DFED-4569-B7C5-8F75320AF922}.Release|Any CPU.ActiveCfg = Release|Any CPU
		{B8D2442B-DFED-4569-B7C5-8F75320AF922}.Release|Any CPU.Build.0 = Release|Any CPU
		{6EFB6378-4F4D-46E2-BF0A-5C23CA19ACF6}.Debug|Any CPU.ActiveCfg = Debug|Any CPU
		{6EFB6378-4F4D-46E2-BF0A-5C23CA19ACF6}.Debug|Any CPU.Build.0 = Debug|Any CPU
		{6EFB6378-4F4D-46E2-BF0A-5C23CA19ACF6}.Release|Any CPU.ActiveCfg = Release|Any CPU
		{6EFB6378-4F4D-46E2-BF0A-5C23CA19ACF6}.Release|Any CPU.Build.0 = Release|Any CPU
		{C2A601B2-27D2-42BC-9FF2-634B2A7525EC}.Debug|Any CPU.ActiveCfg = Debug|Any CPU
		{C2A601B2-27D2-42BC-9FF2-634B2A7525EC}.Debug|Any CPU.Build.0 = Debug|Any CPU
		{C2A601B2-27D2-42BC-9FF2-634B2A7525EC}.Release|Any CPU.ActiveCfg = Release|Any CPU
		{C2A601B2-27D2-42BC-9FF2-634B2A7525EC}.Release|Any CPU.Build.0 = Release|Any CPU
		{553F1772-8EE1-4730-9874-4D3F149AEBA0}.Debug|Any CPU.ActiveCfg = Debug|Any CPU
		{553F1772-8EE1-4730-9874-4D3F149AEBA0}.Debug|Any CPU.Build.0 = Debug|Any CPU
		{553F1772-8EE1-4730-9874-4D3F149AEBA0}.Release|Any CPU.ActiveCfg = Release|Any CPU
		{553F1772-8EE1-4730-9874-4D3F149AEBA0}.Release|Any CPU.Build.0 = Release|Any CPU
		{1C4C7E99-2A8C-4D80-B06A-4D1A037F6674}.Debug|Any CPU.ActiveCfg = Debug|Any CPU
		{1C4C7E99-2A8C-4D80-B06A-4D1A037F6674}.Debug|Any CPU.Build.0 = Debug|Any CPU
		{1C4C7E99-2A8C-4D80-B06A-4D1A037F6674}.Release|Any CPU.ActiveCfg = Release|Any CPU
		{1C4C7E99-2A8C-4D80-B06A-4D1A037F6674}.Release|Any CPU.Build.0 = Release|Any CPU
		{6F203649-5B6A-49BB-BBF6-7D322BDE037A}.Debug|Any CPU.ActiveCfg = Debug|Any CPU
		{6F203649-5B6A-49BB-BBF6-7D322BDE037A}.Debug|Any CPU.Build.0 = Debug|Any CPU
		{6F203649-5B6A-49BB-BBF6-7D322BDE037A}.Release|Any CPU.ActiveCfg = Release|Any CPU
		{6F203649-5B6A-49BB-BBF6-7D322BDE037A}.Release|Any CPU.Build.0 = Release|Any CPU
		{6884B2BF-D989-4F94-9195-DA503895C77C}.Debug|Any CPU.ActiveCfg = Debug|Any CPU
		{6884B2BF-D989-4F94-9195-DA503895C77C}.Debug|Any CPU.Build.0 = Debug|Any CPU
		{6884B2BF-D989-4F94-9195-DA503895C77C}.Release|Any CPU.ActiveCfg = Release|Any CPU
		{6884B2BF-D989-4F94-9195-DA503895C77C}.Release|Any CPU.Build.0 = Release|Any CPU
		{A199528E-9C0F-4A95-ACD7-5CC98A59A72B}.Debug|Any CPU.ActiveCfg = Debug|Any CPU
		{A199528E-9C0F-4A95-ACD7-5CC98A59A72B}.Debug|Any CPU.Build.0 = Debug|Any CPU
		{A199528E-9C0F-4A95-ACD7-5CC98A59A72B}.Release|Any CPU.ActiveCfg = Release|Any CPU
		{A199528E-9C0F-4A95-ACD7-5CC98A59A72B}.Release|Any CPU.Build.0 = Release|Any CPU
		{AF05231D-47B7-4046-97CA-109CEA779F56}.Debug|Any CPU.ActiveCfg = Debug|Any CPU
		{AF05231D-47B7-4046-97CA-109CEA779F56}.Debug|Any CPU.Build.0 = Debug|Any CPU
		{AF05231D-47B7-4046-97CA-109CEA779F56}.Release|Any CPU.ActiveCfg = Release|Any CPU
		{AF05231D-47B7-4046-97CA-109CEA779F56}.Release|Any CPU.Build.0 = Release|Any CPU
		{3824951D-71B8-4325-A6D0-67987CEEED67}.Debug|Any CPU.ActiveCfg = Debug|Any CPU
		{3824951D-71B8-4325-A6D0-67987CEEED67}.Debug|Any CPU.Build.0 = Debug|Any CPU
		{3824951D-71B8-4325-A6D0-67987CEEED67}.Release|Any CPU.ActiveCfg = Release|Any CPU
		{3824951D-71B8-4325-A6D0-67987CEEED67}.Release|Any CPU.Build.0 = Release|Any CPU
		{96E75B31-F0C0-4671-B420-9656CB3AA5DD}.Debug|Any CPU.ActiveCfg = Debug|Any CPU
		{96E75B31-F0C0-4671-B420-9656CB3AA5DD}.Debug|Any CPU.Build.0 = Debug|Any CPU
		{96E75B31-F0C0-4671-B420-9656CB3AA5DD}.Release|Any CPU.ActiveCfg = Release|Any CPU
		{96E75B31-F0C0-4671-B420-9656CB3AA5DD}.Release|Any CPU.Build.0 = Release|Any CPU
		{1E1813BD-BE6F-4D1F-A789-818D65AD9E85}.Debug|Any CPU.ActiveCfg = Debug|Any CPU
		{1E1813BD-BE6F-4D1F-A789-818D65AD9E85}.Debug|Any CPU.Build.0 = Debug|Any CPU
		{1E1813BD-BE6F-4D1F-A789-818D65AD9E85}.Release|Any CPU.ActiveCfg = Release|Any CPU
		{1E1813BD-BE6F-4D1F-A789-818D65AD9E85}.Release|Any CPU.Build.0 = Release|Any CPU
		{E061617D-161F-451E-A2F7-27A42F82A696}.Debug|Any CPU.ActiveCfg = Debug|Any CPU
		{E061617D-161F-451E-A2F7-27A42F82A696}.Debug|Any CPU.Build.0 = Debug|Any CPU
		{E061617D-161F-451E-A2F7-27A42F82A696}.Release|Any CPU.ActiveCfg = Release|Any CPU
		{E061617D-161F-451E-A2F7-27A42F82A696}.Release|Any CPU.Build.0 = Release|Any CPU
		{D2D1E388-E58B-4D40-BB10-6FCB444510F2}.Debug|Any CPU.ActiveCfg = Debug|Any CPU
		{D2D1E388-E58B-4D40-BB10-6FCB444510F2}.Debug|Any CPU.Build.0 = Debug|Any CPU
		{D2D1E388-E58B-4D40-BB10-6FCB444510F2}.Release|Any CPU.ActiveCfg = Release|Any CPU
		{D2D1E388-E58B-4D40-BB10-6FCB444510F2}.Release|Any CPU.Build.0 = Release|Any CPU
		{81662DF7-A248-40A2-8FFA-51B42D082DF6}.Debug|Any CPU.ActiveCfg = Debug|Any CPU
		{81662DF7-A248-40A2-8FFA-51B42D082DF6}.Debug|Any CPU.Build.0 = Debug|Any CPU
		{81662DF7-A248-40A2-8FFA-51B42D082DF6}.Release|Any CPU.ActiveCfg = Release|Any CPU
		{81662DF7-A248-40A2-8FFA-51B42D082DF6}.Release|Any CPU.Build.0 = Release|Any CPU
		{C5C9C916-5186-4BBE-B4CF-1A4E1FBEAD03}.Debug|Any CPU.ActiveCfg = Debug|Any CPU
		{C5C9C916-5186-4BBE-B4CF-1A4E1FBEAD03}.Debug|Any CPU.Build.0 = Debug|Any CPU
		{C5C9C916-5186-4BBE-B4CF-1A4E1FBEAD03}.Release|Any CPU.ActiveCfg = Release|Any CPU
		{C5C9C916-5186-4BBE-B4CF-1A4E1FBEAD03}.Release|Any CPU.Build.0 = Release|Any CPU
		{E0D82421-AABF-4FF9-AACB-6421F4FF6B23}.Debug|Any CPU.ActiveCfg = Debug|Any CPU
		{E0D82421-AABF-4FF9-AACB-6421F4FF6B23}.Debug|Any CPU.Build.0 = Debug|Any CPU
		{E0D82421-AABF-4FF9-AACB-6421F4FF6B23}.Release|Any CPU.ActiveCfg = Release|Any CPU
		{E0D82421-AABF-4FF9-AACB-6421F4FF6B23}.Release|Any CPU.Build.0 = Release|Any CPU
		{6A4D743A-F11D-4EE0-B592-0606C5762751}.Debug|Any CPU.ActiveCfg = Debug|Any CPU
		{6A4D743A-F11D-4EE0-B592-0606C5762751}.Debug|Any CPU.Build.0 = Debug|Any CPU
		{6A4D743A-F11D-4EE0-B592-0606C5762751}.Release|Any CPU.ActiveCfg = Release|Any CPU
		{6A4D743A-F11D-4EE0-B592-0606C5762751}.Release|Any CPU.Build.0 = Release|Any CPU
	EndGlobalSection
	GlobalSection(SolutionProperties) = preSolution
		HideSolutionNode = FALSE
	EndGlobalSection
	GlobalSection(NestedProjects) = preSolution
		{B8D2442B-DFED-4569-B7C5-8F75320AF922} = {35D8DF6A-E958-4B26-A82F-F4226F3D1404}
		{6EFB6378-4F4D-46E2-BF0A-5C23CA19ACF6} = {35D8DF6A-E958-4B26-A82F-F4226F3D1404}
		{C2A601B2-27D2-42BC-9FF2-634B2A7525EC} = {0BED2712-74C6-4DC6-9B12-E8BE2BFD7DAF}
		{553F1772-8EE1-4730-9874-4D3F149AEBA0} = {0BED2712-74C6-4DC6-9B12-E8BE2BFD7DAF}
		{35D8DF6A-E958-4B26-A82F-F4226F3D1404} = {0BED2712-74C6-4DC6-9B12-E8BE2BFD7DAF}
		{6F203649-5B6A-49BB-BBF6-7D322BDE037A} = {3A601868-65A8-483F-913D-E3381E91BFF2}
		{6884B2BF-D989-4F94-9195-DA503895C77C} = {3A601868-65A8-483F-913D-E3381E91BFF2}
		{A199528E-9C0F-4A95-ACD7-5CC98A59A72B} = {3A601868-65A8-483F-913D-E3381E91BFF2}
		{AF05231D-47B7-4046-97CA-109CEA779F56} = {3A601868-65A8-483F-913D-E3381E91BFF2}
		{3824951D-71B8-4325-A6D0-67987CEEED67} = {3A601868-65A8-483F-913D-E3381E91BFF2}
		{96E75B31-F0C0-4671-B420-9656CB3AA5DD} = {3A601868-65A8-483F-913D-E3381E91BFF2}
		{1E1813BD-BE6F-4D1F-A789-818D65AD9E85} = {3A601868-65A8-483F-913D-E3381E91BFF2}
		{3A601868-65A8-483F-913D-E3381E91BFF2} = {E6EA81D6-DAC4-4C56-8B86-0B67285119F7}
		{81662DF7-A248-40A2-8FFA-51B42D082DF6} = {369D2715-06C0-4E4B-8792-EE97F577420C}
		{C5C9C916-5186-4BBE-B4CF-1A4E1FBEAD03} = {369D2715-06C0-4E4B-8792-EE97F577420C}
		{E0D82421-AABF-4FF9-AACB-6421F4FF6B23} = {369D2715-06C0-4E4B-8792-EE97F577420C}
		{6A4D743A-F11D-4EE0-B592-0606C5762751} = {369D2715-06C0-4E4B-8792-EE97F577420C}
	EndGlobalSection
EndGlobal
